
Microsoft Visual Studio Solution File, Format Version 12.00
# Visual Studio Version 17
VisualStudioVersion = 17.0.31903.59
MinimumVisualStudioVersion = 10.0.40219.1
Project("{FAE04EC0-301F-11D3-BF4B-00C04F79EFBC}") = "Mappa", "Mappa\Mappa.csproj", "{B17E5A8B-A9A9-4974-BA91-1E8C6BB98CC4}"
EndProject
Project("{FAE04EC0-301F-11D3-BF4B-00C04F79EFBC}") = "Mappa.Generator", "Mappa.Generator\Mappa.Generator.csproj", "{9A889238-69C9-4353-97AF-3E961D95D099}"
EndProject
Project("{FAE04EC0-301F-11D3-BF4B-00C04F79EFBC}") = "Mappa.Generator.Tests", "Mappa.Generator.Tests\Mappa.Generator.Tests.csproj", "{7B4AC96C-9650-455D-8339-A8A25FE53795}"
EndProject
Project("{2150E333-8FDC-42A3-9474-1A3956D46DE8}") = "Solution Items", "Solution Items", "{C9B7F1B1-3F59-44F3-BF02-FFCF1083FF8A}"
	ProjectSection(SolutionItems) = preProject
		.editorconfig = .editorconfig
		nuget.config = nuget.config
		.gitignore = .gitignore
		README.md = README.md
	EndProjectSection
EndProject
Project("{2150E333-8FDC-42A3-9474-1A3956D46DE8}") = "Scripts", "Scripts", "{01A7FC44-1956-4F7F-B29E-F53A08DE2146}"
	ProjectSection(SolutionItems) = preProject
		Scripts\RunTestsAndReportCoverage.ps1 = Scripts\RunTestsAndReportCoverage.ps1
	EndProjectSection
EndProject
Project("{FAE04EC0-301F-11D3-BF4B-00C04F79EFBC}") = "Mappa.Samples", "Mappa.Samples\Mappa.Samples.csproj", "{0D70998F-986C-47B5-9989-23DD4A04340B}"
EndProject
Project("{FAE04EC0-301F-11D3-BF4B-00C04F79EFBC}") = "Mappa.Samples.Tests", "Mappa.Samples.Tests\Mappa.Samples.Tests.csproj", "{FFCC9E4A-B8FC-499C-80B1-A38DFC52B132}"
EndProject
Project("{FAE04EC0-301F-11D3-BF4B-00C04F79EFBC}") = "Mappa.Benchmark", "Mappa.Benchmark\Mappa.Benchmark.csproj", "{84389C9D-2224-430A-BAE8-5BB0F78D057A}"
EndProject
Global
	GlobalSection(SolutionConfigurationPlatforms) = preSolution
		Debug|Any CPU = Debug|Any CPU
		Release|Any CPU = Release|Any CPU
	EndGlobalSection
	GlobalSection(SolutionProperties) = preSolution
		HideSolutionNode = FALSE
	EndGlobalSection
	GlobalSection(ProjectConfigurationPlatforms) = postSolution
		{B17E5A8B-A9A9-4974-BA91-1E8C6BB98CC4}.Debug|Any CPU.ActiveCfg = Debug|Any CPU
		{B17E5A8B-A9A9-4974-BA91-1E8C6BB98CC4}.Debug|Any CPU.Build.0 = Debug|Any CPU
		{B17E5A8B-A9A9-4974-BA91-1E8C6BB98CC4}.Release|Any CPU.ActiveCfg = Release|Any CPU
		{B17E5A8B-A9A9-4974-BA91-1E8C6BB98CC4}.Release|Any CPU.Build.0 = Release|Any CPU
		{9A889238-69C9-4353-97AF-3E961D95D099}.Debug|Any CPU.ActiveCfg = Debug|Any CPU
		{9A889238-69C9-4353-97AF-3E961D95D099}.Debug|Any CPU.Build.0 = Debug|Any CPU
		{9A889238-69C9-4353-97AF-3E961D95D099}.Release|Any CPU.ActiveCfg = Release|Any CPU
		{9A889238-69C9-4353-97AF-3E961D95D099}.Release|Any CPU.Build.0 = Release|Any CPU
		{7B4AC96C-9650-455D-8339-A8A25FE53795}.Debug|Any CPU.ActiveCfg = Debug|Any CPU
		{7B4AC96C-9650-455D-8339-A8A25FE53795}.Debug|Any CPU.Build.0 = Debug|Any CPU
		{7B4AC96C-9650-455D-8339-A8A25FE53795}.Release|Any CPU.ActiveCfg = Release|Any CPU
		{7B4AC96C-9650-455D-8339-A8A25FE53795}.Release|Any CPU.Build.0 = Release|Any CPU
		{0D70998F-986C-47B5-9989-23DD4A04340B}.Debug|Any CPU.ActiveCfg = Debug|Any CPU
		{0D70998F-986C-47B5-9989-23DD4A04340B}.Debug|Any CPU.Build.0 = Debug|Any CPU
		{0D70998F-986C-47B5-9989-23DD4A04340B}.Release|Any CPU.ActiveCfg = Release|Any CPU
		{0D70998F-986C-47B5-9989-23DD4A04340B}.Release|Any CPU.Build.0 = Release|Any CPU
		{FFCC9E4A-B8FC-499C-80B1-A38DFC52B132}.Debug|Any CPU.ActiveCfg = Debug|Any CPU
		{FFCC9E4A-B8FC-499C-80B1-A38DFC52B132}.Debug|Any CPU.Build.0 = Debug|Any CPU
		{FFCC9E4A-B8FC-499C-80B1-A38DFC52B132}.Release|Any CPU.ActiveCfg = Release|Any CPU
		{FFCC9E4A-B8FC-499C-80B1-A38DFC52B132}.Release|Any CPU.Build.0 = Release|Any CPU
		{84389C9D-2224-430A-BAE8-5BB0F78D057A}.Debug|Any CPU.ActiveCfg = Debug|Any CPU
		{84389C9D-2224-430A-BAE8-5BB0F78D057A}.Debug|Any CPU.Build.0 = Debug|Any CPU
		{84389C9D-2224-430A-BAE8-5BB0F78D057A}.Release|Any CPU.ActiveCfg = Release|Any CPU
		{84389C9D-2224-430A-BAE8-5BB0F78D057A}.Release|Any CPU.Build.0 = Release|Any CPU
	EndGlobalSection
	GlobalSection(NestedProjects) = preSolution
		{01A7FC44-1956-4F7F-B29E-F53A08DE2146} = {C9B7F1B1-3F59-44F3-BF02-FFCF1083FF8A}
	EndGlobalSection
EndGlobal
